
Microsoft Visual Studio Solution File, Format Version 12.00
# Visual Studio Version 17
VisualStudioVersion = 17.4.33213.308
MinimumVisualStudioVersion = 10.0.40219.1
Project("{FAE04EC0-301F-11D3-BF4B-00C04F79EFBC}") = "fullstack-todo-app", "fullstack-todo-app.csproj", "{42BE4AEA-25DB-4B1F-8CD8-CE38ABA21D9A}"
EndProject
Global
	GlobalSection(SolutionConfigurationPlatforms) = preSolution
		Debug|Any CPU = Debug|Any CPU
		Release|Any CPU = Release|Any CPU
	EndGlobalSection
	GlobalSection(ProjectConfigurationPlatforms) = postSolution
		{42BE4AEA-25DB-4B1F-8CD8-CE38ABA21D9A}.Debug|Any CPU.ActiveCfg = Debug|Any CPU
		{42BE4AEA-25DB-4B1F-8CD8-CE38ABA21D9A}.Debug|Any CPU.Build.0 = Debug|Any CPU
		{42BE4AEA-25DB-4B1F-8CD8-CE38ABA21D9A}.Release|Any CPU.ActiveCfg = Release|Any CPU
		{42BE4AEA-25DB-4B1F-8CD8-CE38ABA21D9A}.Release|Any CPU.Build.0 = Release|Any CPU
	EndGlobalSection
	GlobalSection(SolutionProperties) = preSolution
		HideSolutionNode = FALSE
	EndGlobalSection
	GlobalSection(ExtensibilityGlobals) = postSolution
		SolutionGuid = {154887E5-57E0-44DC-A393-712AE81D2E3F}
	EndGlobalSection
EndGlobal
